
Microsoft Visual Studio Solution File, Format Version 12.00
# Visual Studio Version 17
VisualStudioVersion = 17.0.31903.59
MinimumVisualStudioVersion = 10.0.40219.1
Project("{9A19103F-16F7-4668-BE54-9A1E7A4F7556}") = "TCDev.APIGenerator", "src\TCDev.APIGenerator\TCDev.APIGenerator.csproj", "{FE869C02-6C9A-4D9B-BBE2-56F1B21B2A55}"
EndProject
Project("{9A19103F-16F7-4668-BE54-9A1E7A4F7556}") = "ApiGeneratorSampleApI", "sample\ApiGeneratorSampleApp\ApiGeneratorSampleApI.csproj", "{303BF897-594C-4911-91CF-3887A8B8E839}"
EndProject
Project("{2150E333-8FDC-42A3-9474-1A3956D46DE8}") = "Solution Items", "Solution Items", "{1B230EEC-23DE-4596-BE07-6B6893FE0CD1}"
	ProjectSection(SolutionItems) = preProject
		.editorconfig = .editorconfig
	EndProjectSection
EndProject
Project("{9A19103F-16F7-4668-BE54-9A1E7A4F7556}") = "TCDev.APIGenerator.Redis", "src\TCDev.APIGenerator.Caching\TCDev.APIGenerator.Redis.csproj", "{0C8E23AD-AC5D-41D4-9F67-0ECF3D1C4BE1}"
EndProject
Project("{9A19103F-16F7-4668-BE54-9A1E7A4F7556}") = "TCDev.APIGenerator.Schema", "src\TCDev.APIGenerator.Schema\TCDev.APIGenerator.Schema.csproj", "{94E59385-D259-40A1-A373-1FBD0A42CD63}"
EndProject
Project("{2150E333-8FDC-42A3-9474-1A3956D46DE8}") = "ApiGenerator", "ApiGenerator", "{4189D7E0-F171-4267-AC64-C9A83BB1B559}"
EndProject
Project("{2150E333-8FDC-42A3-9474-1A3956D46DE8}") = "Sample App", "Sample App", "{8CC9B68F-E1C2-45B3-8814-B9FF4E1B2AB8}"
EndProject
Project("{9A19103F-16F7-4668-BE54-9A1E7A4F7556}") = "SampleAppNuget", "sample\SampleAppNuget\SampleAppNuget.csproj", "{BA9E04E6-4B66-4369-9B2F-C6CEC9499851}"
EndProject
Project("{9A19103F-16F7-4668-BE54-9A1E7A4F7556}") = "TCDev.APIGenerator.Json", "src\TCDev.APIGenerator.DbFirst\TCDev.APIGenerator.Json.csproj", "{7F3574D1-7421-4824-A0BB-522F3BC9BAC4}"
EndProject
Project("{9A19103F-16F7-4668-BE54-9A1E7A4F7556}") = "TCDev.APIGenerator.Data.SQL", "src\TCDev.APIGenerator.Data.SQL\TCDev.APIGenerator.Data.SQL.csproj", "{E25C6E5E-9726-46A9-958D-D2B92343479D}"
EndProject
Project("{9A19103F-16F7-4668-BE54-9A1E7A4F7556}") = "TCDev.APIGenerator.Data.SQLite", "src\TCDev.APIGenerator.Data.SQLite\TCDev.APIGenerator.Data.SQLite.csproj", "{F3D0FB69-D2AC-4501-91DE-F6EC95EF95E1}"
EndProject
Project("{9A19103F-16F7-4668-BE54-9A1E7A4F7556}") = "TCDev.APIGenerator.Data.Postgres", "src\TCDev.APIGenerator.Data.Postgres\TCDev.APIGenerator.Data.Postgres.csproj", "{2F3E8CF2-3A0F-4A8E-BDB5-C638A68CA6C2}"
EndProject
Project("{9A19103F-16F7-4668-BE54-9A1E7A4F7556}") = "TCDev.APIGenerator.OData", "src\TCDev.APIGenerator.OData\TCDev.APIGenerator.OData.csproj", "{2A2C14DD-913D-456C-9427-DB9ABDF340B3}"
EndProject
Project("{9A19103F-16F7-4668-BE54-9A1E7A4F7556}") = "TCDev.APIGenerator.Data", "src\TCDev.APIGenerator.Data\TCDev.APIGenerator.Data.csproj", "{6F6C5270-CF13-427F-A13B-B8EA7BCFEE13}"
EndProject
Project("{2150E333-8FDC-42A3-9474-1A3956D46DE8}") = "Data", "Data", "{AEC50A6A-A13F-4E40-A8FC-BA5F10DD5DF9}"
EndProject
Project("{9A19103F-16F7-4668-BE54-9A1E7A4F7556}") = "TCDev.APIGenerator.RabbitMQ", "src\TCDev.APIGenerator.RabbitMQ\TCDev.APIGenerator.RabbitMQ.csproj", "{BC73126C-1E98-4F92-B485-CC4BCDA568A8}"
EndProject
Global
	GlobalSection(SolutionConfigurationPlatforms) = preSolution
		Debug|Any CPU = Debug|Any CPU
		DebugWithSampleApp|Any CPU = DebugWithSampleApp|Any CPU
		Release|Any CPU = Release|Any CPU
		SampleAppJson|Any CPU = SampleAppJson|Any CPU
		SampleAppNuget|Any CPU = SampleAppNuget|Any CPU
	EndGlobalSection
	GlobalSection(ProjectConfigurationPlatforms) = postSolution
		{FE869C02-6C9A-4D9B-BBE2-56F1B21B2A55}.Debug|Any CPU.ActiveCfg = Debug|Any CPU
		{FE869C02-6C9A-4D9B-BBE2-56F1B21B2A55}.Debug|Any CPU.Build.0 = Debug|Any CPU
		{FE869C02-6C9A-4D9B-BBE2-56F1B21B2A55}.DebugWithSampleApp|Any CPU.ActiveCfg = DebugWithSampleApp|Any CPU
		{FE869C02-6C9A-4D9B-BBE2-56F1B21B2A55}.DebugWithSampleApp|Any CPU.Build.0 = DebugWithSampleApp|Any CPU
		{FE869C02-6C9A-4D9B-BBE2-56F1B21B2A55}.Release|Any CPU.ActiveCfg = Release|Any CPU
		{FE869C02-6C9A-4D9B-BBE2-56F1B21B2A55}.Release|Any CPU.Build.0 = Release|Any CPU
		{FE869C02-6C9A-4D9B-BBE2-56F1B21B2A55}.SampleAppJson|Any CPU.ActiveCfg = SampleAppJson|Any CPU
		{FE869C02-6C9A-4D9B-BBE2-56F1B21B2A55}.SampleAppJson|Any CPU.Build.0 = SampleAppJson|Any CPU
		{FE869C02-6C9A-4D9B-BBE2-56F1B21B2A55}.SampleAppNuget|Any CPU.ActiveCfg = SampleAppNuget|Any CPU
		{303BF897-594C-4911-91CF-3887A8B8E839}.Debug|Any CPU.ActiveCfg = Debug|Any CPU
		{303BF897-594C-4911-91CF-3887A8B8E839}.DebugWithSampleApp|Any CPU.ActiveCfg = DebugWithSampleApp|Any CPU
		{303BF897-594C-4911-91CF-3887A8B8E839}.DebugWithSampleApp|Any CPU.Build.0 = DebugWithSampleApp|Any CPU
		{303BF897-594C-4911-91CF-3887A8B8E839}.Release|Any CPU.ActiveCfg = Release|Any CPU
		{303BF897-594C-4911-91CF-3887A8B8E839}.Release|Any CPU.Build.0 = Release|Any CPU
		{303BF897-594C-4911-91CF-3887A8B8E839}.SampleAppJson|Any CPU.ActiveCfg = SampleAppJson|Any CPU
		{303BF897-594C-4911-91CF-3887A8B8E839}.SampleAppNuget|Any CPU.ActiveCfg = SampleAppNuget|Any CPU
		{0C8E23AD-AC5D-41D4-9F67-0ECF3D1C4BE1}.Debug|Any CPU.ActiveCfg = Debug|Any CPU
		{0C8E23AD-AC5D-41D4-9F67-0ECF3D1C4BE1}.DebugWithSampleApp|Any CPU.ActiveCfg = DebugWithSampleApp|Any CPU
		{0C8E23AD-AC5D-41D4-9F67-0ECF3D1C4BE1}.DebugWithSampleApp|Any CPU.Build.0 = DebugWithSampleApp|Any CPU
		{0C8E23AD-AC5D-41D4-9F67-0ECF3D1C4BE1}.Release|Any CPU.ActiveCfg = Release|Any CPU
		{0C8E23AD-AC5D-41D4-9F67-0ECF3D1C4BE1}.SampleAppJson|Any CPU.ActiveCfg = SampleAppJson|Any CPU
		{0C8E23AD-AC5D-41D4-9F67-0ECF3D1C4BE1}.SampleAppNuget|Any CPU.ActiveCfg = SampleAppNuget|Any CPU
		{94E59385-D259-40A1-A373-1FBD0A42CD63}.Debug|Any CPU.ActiveCfg = Debug|Any CPU
		{94E59385-D259-40A1-A373-1FBD0A42CD63}.Debug|Any CPU.Build.0 = Debug|Any CPU
		{94E59385-D259-40A1-A373-1FBD0A42CD63}.DebugWithSampleApp|Any CPU.ActiveCfg = DebugWithSampleApp|Any CPU
		{94E59385-D259-40A1-A373-1FBD0A42CD63}.DebugWithSampleApp|Any CPU.Build.0 = DebugWithSampleApp|Any CPU
		{94E59385-D259-40A1-A373-1FBD0A42CD63}.Release|Any CPU.ActiveCfg = Release|Any CPU
		{94E59385-D259-40A1-A373-1FBD0A42CD63}.Release|Any CPU.Build.0 = Release|Any CPU
		{94E59385-D259-40A1-A373-1FBD0A42CD63}.SampleAppJson|Any CPU.ActiveCfg = SampleAppJson|Any CPU
		{94E59385-D259-40A1-A373-1FBD0A42CD63}.SampleAppJson|Any CPU.Build.0 = SampleAppJson|Any CPU
		{94E59385-D259-40A1-A373-1FBD0A42CD63}.SampleAppNuget|Any CPU.ActiveCfg = SampleAppNuget|Any CPU
		{BA9E04E6-4B66-4369-9B2F-C6CEC9499851}.Debug|Any CPU.ActiveCfg = Debug|Any CPU
		{BA9E04E6-4B66-4369-9B2F-C6CEC9499851}.DebugWithSampleApp|Any CPU.ActiveCfg = DebugWithSampleApp|Any CPU
		{BA9E04E6-4B66-4369-9B2F-C6CEC9499851}.Release|Any CPU.ActiveCfg = Release|Any CPU
		{BA9E04E6-4B66-4369-9B2F-C6CEC9499851}.SampleAppJson|Any CPU.ActiveCfg = SampleAppJson|Any CPU
		{BA9E04E6-4B66-4369-9B2F-C6CEC9499851}.SampleAppNuget|Any CPU.ActiveCfg = SampleAppNuget|Any CPU
		{BA9E04E6-4B66-4369-9B2F-C6CEC9499851}.SampleAppNuget|Any CPU.Build.0 = SampleAppNuget|Any CPU
		{7F3574D1-7421-4824-A0BB-522F3BC9BAC4}.Debug|Any CPU.ActiveCfg = Debug|Any CPU
		{7F3574D1-7421-4824-A0BB-522F3BC9BAC4}.Debug|Any CPU.Build.0 = Debug|Any CPU
		{7F3574D1-7421-4824-A0BB-522F3BC9BAC4}.DebugWithSampleApp|Any CPU.ActiveCfg = DebugWithSampleApp|Any CPU
		{7F3574D1-7421-4824-A0BB-522F3BC9BAC4}.DebugWithSampleApp|Any CPU.Build.0 = DebugWithSampleApp|Any CPU
		{7F3574D1-7421-4824-A0BB-522F3BC9BAC4}.Release|Any CPU.ActiveCfg = Release|Any CPU
		{7F3574D1-7421-4824-A0BB-522F3BC9BAC4}.Release|Any CPU.Build.0 = Release|Any CPU
		{7F3574D1-7421-4824-A0BB-522F3BC9BAC4}.SampleAppJson|Any CPU.ActiveCfg = SampleAppJson|Any CPU
		{7F3574D1-7421-4824-A0BB-522F3BC9BAC4}.SampleAppNuget|Any CPU.ActiveCfg = SampleAppNuget|Any CPU
		{7F3574D1-7421-4824-A0BB-522F3BC9BAC4}.SampleAppNuget|Any CPU.Build.0 = SampleAppNuget|Any CPU
		{E25C6E5E-9726-46A9-958D-D2B92343479D}.Debug|Any CPU.ActiveCfg = Debug|Any CPU
		{E25C6E5E-9726-46A9-958D-D2B92343479D}.Debug|Any CPU.Build.0 = Debug|Any CPU
		{E25C6E5E-9726-46A9-958D-D2B92343479D}.DebugWithSampleApp|Any CPU.ActiveCfg = Debug|Any CPU
		{E25C6E5E-9726-46A9-958D-D2B92343479D}.DebugWithSampleApp|Any CPU.Build.0 = Debug|Any CPU
		{E25C6E5E-9726-46A9-958D-D2B92343479D}.Release|Any CPU.ActiveCfg = Release|Any CPU
		{E25C6E5E-9726-46A9-958D-D2B92343479D}.Release|Any CPU.Build.0 = Release|Any CPU
		{E25C6E5E-9726-46A9-958D-D2B92343479D}.SampleAppJson|Any CPU.ActiveCfg = Debug|Any CPU
		{E25C6E5E-9726-46A9-958D-D2B92343479D}.SampleAppJson|Any CPU.Build.0 = Debug|Any CPU
		{E25C6E5E-9726-46A9-958D-D2B92343479D}.SampleAppNuget|Any CPU.ActiveCfg = Debug|Any CPU
		{E25C6E5E-9726-46A9-958D-D2B92343479D}.SampleAppNuget|Any CPU.Build.0 = Debug|Any CPU
		{F3D0FB69-D2AC-4501-91DE-F6EC95EF95E1}.Debug|Any CPU.ActiveCfg = Debug|Any CPU
		{F3D0FB69-D2AC-4501-91DE-F6EC95EF95E1}.Debug|Any CPU.Build.0 = Debug|Any CPU
		{F3D0FB69-D2AC-4501-91DE-F6EC95EF95E1}.DebugWithSampleApp|Any CPU.ActiveCfg = Debug|Any CPU
		{F3D0FB69-D2AC-4501-91DE-F6EC95EF95E1}.DebugWithSampleApp|Any CPU.Build.0 = Debug|Any CPU
		{F3D0FB69-D2AC-4501-91DE-F6EC95EF95E1}.Release|Any CPU.ActiveCfg = Release|Any CPU
		{F3D0FB69-D2AC-4501-91DE-F6EC95EF95E1}.Release|Any CPU.Build.0 = Release|Any CPU
		{F3D0FB69-D2AC-4501-91DE-F6EC95EF95E1}.SampleAppJson|Any CPU.ActiveCfg = Debug|Any CPU
		{F3D0FB69-D2AC-4501-91DE-F6EC95EF95E1}.SampleAppJson|Any CPU.Build.0 = Debug|Any CPU
		{F3D0FB69-D2AC-4501-91DE-F6EC95EF95E1}.SampleAppNuget|Any CPU.ActiveCfg = Debug|Any CPU
		{F3D0FB69-D2AC-4501-91DE-F6EC95EF95E1}.SampleAppNuget|Any CPU.Build.0 = Debug|Any CPU
		{2F3E8CF2-3A0F-4A8E-BDB5-C638A68CA6C2}.Debug|Any CPU.ActiveCfg = Debug|Any CPU
		{2F3E8CF2-3A0F-4A8E-BDB5-C638A68CA6C2}.Debug|Any CPU.Build.0 = Debug|Any CPU
		{2F3E8CF2-3A0F-4A8E-BDB5-C638A68CA6C2}.DebugWithSampleApp|Any CPU.ActiveCfg = Debug|Any CPU
		{2F3E8CF2-3A0F-4A8E-BDB5-C638A68CA6C2}.DebugWithSampleApp|Any CPU.Build.0 = Debug|Any CPU
		{2F3E8CF2-3A0F-4A8E-BDB5-C638A68CA6C2}.Release|Any CPU.ActiveCfg = Release|Any CPU
		{2F3E8CF2-3A0F-4A8E-BDB5-C638A68CA6C2}.Release|Any CPU.Build.0 = Release|Any CPU
		{2F3E8CF2-3A0F-4A8E-BDB5-C638A68CA6C2}.SampleAppJson|Any CPU.ActiveCfg = Debug|Any CPU
		{2F3E8CF2-3A0F-4A8E-BDB5-C638A68CA6C2}.SampleAppJson|Any CPU.Build.0 = Debug|Any CPU
		{2F3E8CF2-3A0F-4A8E-BDB5-C638A68CA6C2}.SampleAppNuget|Any CPU.ActiveCfg = Debug|Any CPU
		{2F3E8CF2-3A0F-4A8E-BDB5-C638A68CA6C2}.SampleAppNuget|Any CPU.Build.0 = Debug|Any CPU
		{2A2C14DD-913D-456C-9427-DB9ABDF340B3}.Debug|Any CPU.ActiveCfg = Debug|Any CPU
		{2A2C14DD-913D-456C-9427-DB9ABDF340B3}.Debug|Any CPU.Build.0 = Debug|Any CPU
		{2A2C14DD-913D-456C-9427-DB9ABDF340B3}.DebugWithSampleApp|Any CPU.ActiveCfg = Debug|Any CPU
		{2A2C14DD-913D-456C-9427-DB9ABDF340B3}.DebugWithSampleApp|Any CPU.Build.0 = Debug|Any CPU
		{2A2C14DD-913D-456C-9427-DB9ABDF340B3}.Release|Any CPU.ActiveCfg = Release|Any CPU
		{2A2C14DD-913D-456C-9427-DB9ABDF340B3}.Release|Any CPU.Build.0 = Release|Any CPU
		{2A2C14DD-913D-456C-9427-DB9ABDF340B3}.SampleAppJson|Any CPU.ActiveCfg = Debug|Any CPU
		{2A2C14DD-913D-456C-9427-DB9ABDF340B3}.SampleAppJson|Any CPU.Build.0 = Debug|Any CPU
		{2A2C14DD-913D-456C-9427-DB9ABDF340B3}.SampleAppNuget|Any CPU.ActiveCfg = Debug|Any CPU
		{2A2C14DD-913D-456C-9427-DB9ABDF340B3}.SampleAppNuget|Any CPU.Build.0 = Debug|Any CPU
		{6F6C5270-CF13-427F-A13B-B8EA7BCFEE13}.Debug|Any CPU.ActiveCfg = Debug|Any CPU
		{6F6C5270-CF13-427F-A13B-B8EA7BCFEE13}.Debug|Any CPU.Build.0 = Debug|Any CPU
		{6F6C5270-CF13-427F-A13B-B8EA7BCFEE13}.DebugWithSampleApp|Any CPU.ActiveCfg = Debug|Any CPU
		{6F6C5270-CF13-427F-A13B-B8EA7BCFEE13}.DebugWithSampleApp|Any CPU.Build.0 = Debug|Any CPU
		{6F6C5270-CF13-427F-A13B-B8EA7BCFEE13}.Release|Any CPU.ActiveCfg = Release|Any CPU
		{6F6C5270-CF13-427F-A13B-B8EA7BCFEE13}.Release|Any CPU.Build.0 = Release|Any CPU
		{6F6C5270-CF13-427F-A13B-B8EA7BCFEE13}.SampleAppJson|Any CPU.ActiveCfg = Debug|Any CPU
		{6F6C5270-CF13-427F-A13B-B8EA7BCFEE13}.SampleAppJson|Any CPU.Build.0 = Debug|Any CPU
		{6F6C5270-CF13-427F-A13B-B8EA7BCFEE13}.SampleAppNuget|Any CPU.ActiveCfg = Debug|Any CPU
		{6F6C5270-CF13-427F-A13B-B8EA7BCFEE13}.SampleAppNuget|Any CPU.Build.0 = Debug|Any CPU
		{BC73126C-1E98-4F92-B485-CC4BCDA568A8}.Debug|Any CPU.ActiveCfg = Debug|Any CPU
		{BC73126C-1E98-4F92-B485-CC4BCDA568A8}.Debug|Any CPU.Build.0 = Debug|Any CPU
		{BC73126C-1E98-4F92-B485-CC4BCDA568A8}.DebugWithSampleApp|Any CPU.ActiveCfg = Debug|Any CPU
		{BC73126C-1E98-4F92-B485-CC4BCDA568A8}.DebugWithSampleApp|Any CPU.Build.0 = Debug|Any CPU
		{BC73126C-1E98-4F92-B485-CC4BCDA568A8}.Release|Any CPU.ActiveCfg = Release|Any CPU
		{BC73126C-1E98-4F92-B485-CC4BCDA568A8}.Release|Any CPU.Build.0 = Release|Any CPU
		{BC73126C-1E98-4F92-B485-CC4BCDA568A8}.SampleAppJson|Any CPU.ActiveCfg = Debug|Any CPU
		{BC73126C-1E98-4F92-B485-CC4BCDA568A8}.SampleAppJson|Any CPU.Build.0 = Debug|Any CPU
		{BC73126C-1E98-4F92-B485-CC4BCDA568A8}.SampleAppNuget|Any CPU.ActiveCfg = Debug|Any CPU
		{BC73126C-1E98-4F92-B485-CC4BCDA568A8}.SampleAppNuget|Any CPU.Build.0 = Debug|Any CPU
	EndGlobalSection
	GlobalSection(SolutionProperties) = preSolution
		HideSolutionNode = FALSE
	EndGlobalSection
	GlobalSection(NestedProjects) = preSolution
		{FE869C02-6C9A-4D9B-BBE2-56F1B21B2A55} = {4189D7E0-F171-4267-AC64-C9A83BB1B559}
		{303BF897-594C-4911-91CF-3887A8B8E839} = {8CC9B68F-E1C2-45B3-8814-B9FF4E1B2AB8}
		{0C8E23AD-AC5D-41D4-9F67-0ECF3D1C4BE1} = {AEC50A6A-A13F-4E40-A8FC-BA5F10DD5DF9}
		{94E59385-D259-40A1-A373-1FBD0A42CD63} = {4189D7E0-F171-4267-AC64-C9A83BB1B559}
		{BA9E04E6-4B66-4369-9B2F-C6CEC9499851} = {8CC9B68F-E1C2-45B3-8814-B9FF4E1B2AB8}
		{7F3574D1-7421-4824-A0BB-522F3BC9BAC4} = {4189D7E0-F171-4267-AC64-C9A83BB1B559}
		{E25C6E5E-9726-46A9-958D-D2B92343479D} = {AEC50A6A-A13F-4E40-A8FC-BA5F10DD5DF9}
		{F3D0FB69-D2AC-4501-91DE-F6EC95EF95E1} = {AEC50A6A-A13F-4E40-A8FC-BA5F10DD5DF9}
		{2F3E8CF2-3A0F-4A8E-BDB5-C638A68CA6C2} = {AEC50A6A-A13F-4E40-A8FC-BA5F10DD5DF9}
		{2A2C14DD-913D-456C-9427-DB9ABDF340B3} = {4189D7E0-F171-4267-AC64-C9A83BB1B559}
		{6F6C5270-CF13-427F-A13B-B8EA7BCFEE13} = {4189D7E0-F171-4267-AC64-C9A83BB1B559}
		{AEC50A6A-A13F-4E40-A8FC-BA5F10DD5DF9} = {4189D7E0-F171-4267-AC64-C9A83BB1B559}
		{BC73126C-1E98-4F92-B485-CC4BCDA568A8} = {4189D7E0-F171-4267-AC64-C9A83BB1B559}
	EndGlobalSection
	GlobalSection(ExtensibilityGlobals) = postSolution
		SolutionGuid = {315BF454-8B91-42C5-A113-B59C72AE69C8}
	EndGlobalSection
EndGlobal
